// !$*UTF8*$!
{
	archiveVersion = 1;
	classes = {
	};
	objectVersion = 46;
	objects = {

/* Begin PBXBuildFile section */
		96EF1A991EF1D78E00C6E4CC /* Bitmap.cpp in Sources */ = {isa = PBXBuildFile; fileRef = 96EF1A601EF1D73E00C6E4CC /* Bitmap.cpp */; };
		96EF1A9A1EF1D78E00C6E4CC /* BoxTreeNode.cpp in Sources */ = {isa = PBXBuildFile; fileRef = 96EF1A621EF1D73E00C6E4CC /* BoxTreeNode.cpp */; };
		96EF1A9B1EF1D78E00C6E4CC /* BoxTreeObject.cpp in Sources */ = {isa = PBXBuildFile; fileRef = 96EF1A641EF1D73E00C6E4CC /* BoxTreeObject.cpp */; };
		96EF1A9C1EF1D78E00C6E4CC /* Camera.cpp in Sources */ = {isa = PBXBuildFile; fileRef = 96EF1A661EF1D73E00C6E4CC /* Camera.cpp */; };
		96EF1A9D1EF1D78E00C6E4CC /* Color.cpp in Sources */ = {isa = PBXBuildFile; fileRef = 96EF1A681EF1D73E00C6E4CC /* Color.cpp */; };
		96EF1A9E1EF1D78E00C6E4CC /* DirectLight.cpp in Sources */ = {isa = PBXBuildFile; fileRef = 96EF1A6A1EF1D73E00C6E4CC /* DirectLight.cpp */; };
		96EF1A9F1EF1D78E00C6E4CC /* FogVolume.cpp in Sources */ = {isa = PBXBuildFile; fileRef = 96EF1A6C1EF1D73E00C6E4CC /* FogVolume.cpp */; };
		96EF1AA01EF1D78E00C6E4CC /* InstanceObject.cpp in Sources */ = {isa = PBXBuildFile; fileRef = 96EF1A6E1EF1D73E00C6E4CC /* InstanceObject.cpp */; };
		96EF1AAB1EF1D79400C6E4CC /* LambertMaterial.cpp in Sources */ = {isa = PBXBuildFile; fileRef = 96EF1A721EF1D73E00C6E4CC /* LambertMaterial.cpp */; };
		96EF1AAF1EF1D79400C6E4CC /* main.cpp in Sources */ = {isa = PBXBuildFile; fileRef = 96EF1A761EF1D73E00C6E4CC /* main.cpp */; };
		96EF1AB11EF1D79400C6E4CC /* MeshObject.cpp in Sources */ = {isa = PBXBuildFile; fileRef = 96EF1A781EF1D73E00C6E4CC /* MeshObject.cpp */; };
		96EF1AB31EF1D79400C6E4CC /* MetalMaterial.cpp in Sources */ = {isa = PBXBuildFile; fileRef = 96EF1A7A1EF1D73E00C6E4CC /* MetalMaterial.cpp */; };
		96EF1AB71EF1D79400C6E4CC /* PointLight.cpp in Sources */ = {isa = PBXBuildFile; fileRef = 96EF1A7E1EF1D73E00C6E4CC /* PointLight.cpp */; };
		96EF1ABA1EF1D79400C6E4CC /* RayTrace.cpp in Sources */ = {isa = PBXBuildFile; fileRef = 96EF1A831EF1D73E00C6E4CC /* RayTrace.cpp */; };
		96EF1ABD1EF1D79400C6E4CC /* Scene.cpp in Sources */ = {isa = PBXBuildFile; fileRef = 96EF1A861EF1D73E00C6E4CC /* Scene.cpp */; };
		96EF1ABF1EF1D79400C6E4CC /* Triangle.cpp in Sources */ = {isa = PBXBuildFile; fileRef = 96EF1A881EF1D73E00C6E4CC /* Triangle.cpp */; };
/* End PBXBuildFile section */

/* Begin PBXCopyFilesBuildPhase section */
		96EF1A8F1EF1D77900C6E4CC /* CopyFiles */ = {
			isa = PBXCopyFilesBuildPhase;
			buildActionMask = 2147483647;
			dstPath = /usr/share/man/man1/;
			dstSubfolderSpec = 0;
			files = (
			);
			runOnlyForDeploymentPostprocessing = 1;
		};
/* End PBXCopyFilesBuildPhase section */

/* Begin PBXFileReference section */
		96EF1A601EF1D73E00C6E4CC /* Bitmap.cpp */ = {isa = PBXFileReference; lastKnownFileType = sourcecode.cpp.cpp; name = Bitmap.cpp; path = "../../Project 2/Bitmap.cpp"; sourceTree = "<group>"; };
		96EF1A611EF1D73E00C6E4CC /* Bitmap.hpp */ = {isa = PBXFileReference; lastKnownFileType = sourcecode.cpp.h; name = Bitmap.hpp; path = "../../Project 2/Bitmap.hpp"; sourceTree = "<group>"; };
		96EF1A621EF1D73E00C6E4CC /* BoxTreeNode.cpp */ = {isa = PBXFileReference; lastKnownFileType = sourcecode.cpp.cpp; name = BoxTreeNode.cpp; path = "../../Project 2/BoxTreeNode.cpp"; sourceTree = "<group>"; };
		96EF1A631EF1D73E00C6E4CC /* BoxTreeNode.hpp */ = {isa = PBXFileReference; lastKnownFileType = sourcecode.cpp.h; name = BoxTreeNode.hpp; path = "../../Project 2/BoxTreeNode.hpp"; sourceTree = "<group>"; };
		96EF1A641EF1D73E00C6E4CC /* BoxTreeObject.cpp */ = {isa = PBXFileReference; lastKnownFileType = sourcecode.cpp.cpp; name = BoxTreeObject.cpp; path = "../../Project 2/BoxTreeObject.cpp"; sourceTree = "<group>"; };
		96EF1A651EF1D73E00C6E4CC /* BoxTreeObject.hpp */ = {isa = PBXFileReference; lastKnownFileType = sourcecode.cpp.h; name = BoxTreeObject.hpp; path = "../../Project 2/BoxTreeObject.hpp"; sourceTree = "<group>"; };
		96EF1A661EF1D73E00C6E4CC /* Camera.cpp */ = {isa = PBXFileReference; lastKnownFileType = sourcecode.cpp.cpp; name = Camera.cpp; path = "../../Project 2/Camera.cpp"; sourceTree = "<group>"; };
		96EF1A671EF1D73E00C6E4CC /* Camera.hpp */ = {isa = PBXFileReference; lastKnownFileType = sourcecode.cpp.h; name = Camera.hpp; path = "../../Project 2/Camera.hpp"; sourceTree = "<group>"; };
		96EF1A681EF1D73E00C6E4CC /* Color.cpp */ = {isa = PBXFileReference; lastKnownFileType = sourcecode.cpp.cpp; name = Color.cpp; path = "../../Project 2/Color.cpp"; sourceTree = "<group>"; };
		96EF1A691EF1D73E00C6E4CC /* Color.hpp */ = {isa = PBXFileReference; lastKnownFileType = sourcecode.cpp.h; name = Color.hpp; path = "../../Project 2/Color.hpp"; sourceTree = "<group>"; };
		96EF1A6A1EF1D73E00C6E4CC /* DirectLight.cpp */ = {isa = PBXFileReference; lastKnownFileType = sourcecode.cpp.cpp; name = DirectLight.cpp; path = "../../Project 2/DirectLight.cpp"; sourceTree = "<group>"; };
		96EF1A6B1EF1D73E00C6E4CC /* DirectLight.hpp */ = {isa = PBXFileReference; lastKnownFileType = sourcecode.cpp.h; name = DirectLight.hpp; path = "../../Project 2/DirectLight.hpp"; sourceTree = "<group>"; };
		96EF1A6C1EF1D73E00C6E4CC /* FogVolume.cpp */ = {isa = PBXFileReference; lastKnownFileType = sourcecode.cpp.cpp; name = FogVolume.cpp; path = "../../Project 2/FogVolume.cpp"; sourceTree = "<group>"; };
		96EF1A6D1EF1D73E00C6E4CC /* FogVolume.hpp */ = {isa = PBXFileReference; lastKnownFileType = sourcecode.cpp.h; name = FogVolume.hpp; path = "../../Project 2/FogVolume.hpp"; sourceTree = "<group>"; };
		96EF1A6E1EF1D73E00C6E4CC /* InstanceObject.cpp */ = {isa = PBXFileReference; lastKnownFileType = sourcecode.cpp.cpp; name = InstanceObject.cpp; path = "../../Project 2/InstanceObject.cpp"; sourceTree = "<group>"; };
		96EF1A6F1EF1D73E00C6E4CC /* InstanceObject.hpp */ = {isa = PBXFileReference; lastKnownFileType = sourcecode.cpp.h; name = InstanceObject.hpp; path = "../../Project 2/InstanceObject.hpp"; sourceTree = "<group>"; };
		96EF1A701EF1D73E00C6E4CC /* Intersection.hpp */ = {isa = PBXFileReference; lastKnownFileType = sourcecode.cpp.h; name = Intersection.hpp; path = "../../Project 2/Intersection.hpp"; sourceTree = "<group>"; };
		96EF1A711EF1D73E00C6E4CC /* IsotropicScatter.h */ = {isa = PBXFileReference; lastKnownFileType = sourcecode.c.h; name = IsotropicScatter.h; path = "../../Project 2/IsotropicScatter.h"; sourceTree = "<group>"; };
		96EF1A721EF1D73E00C6E4CC /* LambertMaterial.cpp */ = {isa = PBXFileReference; lastKnownFileType = sourcecode.cpp.cpp; name = LambertMaterial.cpp; path = "../../Project 2/LambertMaterial.cpp"; sourceTree = "<group>"; };
		96EF1A731EF1D73E00C6E4CC /* LambertMaterial.hpp */ = {isa = PBXFileReference; lastKnownFileType = sourcecode.cpp.h; name = LambertMaterial.hpp; path = "../../Project 2/LambertMaterial.hpp"; sourceTree = "<group>"; };
		96EF1A741EF1D73E00C6E4CC /* Light.hpp */ = {isa = PBXFileReference; lastKnownFileType = sourcecode.cpp.h; name = Light.hpp; path = "../../Project 2/Light.hpp"; sourceTree = "<group>"; };
		96EF1A751EF1D73E00C6E4CC /* LorenzMieScatter.hpp */ = {isa = PBXFileReference; lastKnownFileType = sourcecode.cpp.h; name = LorenzMieScatter.hpp; path = "../../Project 2/LorenzMieScatter.hpp"; sourceTree = "<group>"; };
		96EF1A761EF1D73E00C6E4CC /* main.cpp */ = {isa = PBXFileReference; lastKnownFileType = sourcecode.cpp.cpp; name = main.cpp; path = "../../Project 2/main.cpp"; sourceTree = "<group>"; };
		96EF1A771EF1D73E00C6E4CC /* Material.hpp */ = {isa = PBXFileReference; lastKnownFileType = sourcecode.cpp.h; name = Material.hpp; path = "../../Project 2/Material.hpp"; sourceTree = "<group>"; };
		96EF1A781EF1D73E00C6E4CC /* MeshObject.cpp */ = {isa = PBXFileReference; lastKnownFileType = sourcecode.cpp.cpp; name = MeshObject.cpp; path = "../../Project 2/MeshObject.cpp"; sourceTree = "<group>"; };
		96EF1A791EF1D73E00C6E4CC /* MeshObject.hpp */ = {isa = PBXFileReference; lastKnownFileType = sourcecode.cpp.h; name = MeshObject.hpp; path = "../../Project 2/MeshObject.hpp"; sourceTree = "<group>"; };
		96EF1A7A1EF1D73E00C6E4CC /* MetalMaterial.cpp */ = {isa = PBXFileReference; lastKnownFileType = sourcecode.cpp.cpp; name = MetalMaterial.cpp; path = "../../Project 2/MetalMaterial.cpp"; sourceTree = "<group>"; };
		96EF1A7B1EF1D73E00C6E4CC /* MetalMaterial.hpp */ = {isa = PBXFileReference; lastKnownFileType = sourcecode.cpp.h; name = MetalMaterial.hpp; path = "../../Project 2/MetalMaterial.hpp"; sourceTree = "<group>"; };
		96EF1A7C1EF1D73E00C6E4CC /* Object.hpp */ = {isa = PBXFileReference; lastKnownFileType = sourcecode.cpp.h; name = Object.hpp; path = "../../Project 2/Object.hpp"; sourceTree = "<group>"; };
		96EF1A7D1EF1D73E00C6E4CC /* packages.config */ = {isa = PBXFileReference; lastKnownFileType = text.xml; name = packages.config; path = "../../Project 2/packages.config"; sourceTree = "<group>"; };
		96EF1A7E1EF1D73E00C6E4CC /* PointLight.cpp */ = {isa = PBXFileReference; lastKnownFileType = sourcecode.cpp.cpp; name = PointLight.cpp; path = "../../Project 2/PointLight.cpp"; sourceTree = "<group>"; };
		96EF1A7F1EF1D73E00C6E4CC /* PointLight.hpp */ = {isa = PBXFileReference; lastKnownFileType = sourcecode.cpp.h; name = PointLight.hpp; path = "../../Project 2/PointLight.hpp"; sourceTree = "<group>"; };
		96EF1A821EF1D73E00C6E4CC /* Ray.hpp */ = {isa = PBXFileReference; lastKnownFileType = sourcecode.cpp.h; name = Ray.hpp; path = "../../Project 2/Ray.hpp"; sourceTree = "<group>"; };
		96EF1A831EF1D73E00C6E4CC /* RayTrace.cpp */ = {isa = PBXFileReference; lastKnownFileType = sourcecode.cpp.cpp; name = RayTrace.cpp; path = "../../Project 2/RayTrace.cpp"; sourceTree = "<group>"; };
		96EF1A841EF1D73E00C6E4CC /* RayTrace.hpp */ = {isa = PBXFileReference; lastKnownFileType = sourcecode.cpp.h; name = RayTrace.hpp; path = "../../Project 2/RayTrace.hpp"; sourceTree = "<group>"; };
		96EF1A851EF1D73E00C6E4CC /* ScatterPhase.hpp */ = {isa = PBXFileReference; lastKnownFileType = sourcecode.cpp.h; name = ScatterPhase.hpp; path = "../../Project 2/ScatterPhase.hpp"; sourceTree = "<group>"; };
		96EF1A861EF1D73E00C6E4CC /* Scene.cpp */ = {isa = PBXFileReference; lastKnownFileType = sourcecode.cpp.cpp; name = Scene.cpp; path = "../../Project 2/Scene.cpp"; sourceTree = "<group>"; };
		96EF1A871EF1D73E00C6E4CC /* Scene.hpp */ = {isa = PBXFileReference; lastKnownFileType = sourcecode.cpp.h; name = Scene.hpp; path = "../../Project 2/Scene.hpp"; sourceTree = "<group>"; };
		96EF1A881EF1D73E00C6E4CC /* Triangle.cpp */ = {isa = PBXFileReference; lastKnownFileType = sourcecode.cpp.cpp; name = Triangle.cpp; path = "../../Project 2/Triangle.cpp"; sourceTree = "<group>"; };
		96EF1A891EF1D73E00C6E4CC /* Triangle.hpp */ = {isa = PBXFileReference; lastKnownFileType = sourcecode.cpp.h; name = Triangle.hpp; path = "../../Project 2/Triangle.hpp"; sourceTree = "<group>"; };
		96EF1A8A1EF1D73E00C6E4CC /* Utilities.hpp */ = {isa = PBXFileReference; lastKnownFileType = sourcecode.cpp.h; name = Utilities.hpp; path = "../../Project 2/Utilities.hpp"; sourceTree = "<group>"; };
		96EF1A8B1EF1D73E00C6E4CC /* Vertex.hpp */ = {isa = PBXFileReference; lastKnownFileType = sourcecode.cpp.h; name = Vertex.hpp; path = "../../Project 2/Vertex.hpp"; sourceTree = "<group>"; };
		96EF1A8C1EF1D73E00C6E4CC /* Volume.hpp */ = {isa = PBXFileReference; lastKnownFileType = sourcecode.cpp.h; name = Volume.hpp; path = "../../Project 2/Volume.hpp"; sourceTree = "<group>"; };
		96EF1A911EF1D77900C6E4CC /* Raycast Renderer */ = {isa = PBXFileReference; explicitFileType = "compiled.mach-o.executable"; includeInIndex = 0; path = "Raycast Renderer"; sourceTree = BUILT_PRODUCTS_DIR; };
/* End PBXFileReference section */

/* Begin PBXFrameworksBuildPhase section */
		96EF1A8E1EF1D77900C6E4CC /* Frameworks */ = {
			isa = PBXFrameworksBuildPhase;
			buildActionMask = 2147483647;
			files = (
			);
			runOnlyForDeploymentPostprocessing = 0;
		};
/* End PBXFrameworksBuildPhase section */

/* Begin PBXGroup section */
		96EF1A591EF1D72100C6E4CC = {
			isa = PBXGroup;
			children = (
				96EF1A931EF1D77900C6E4CC /* Raycast Renderer */,
				96EF1A921EF1D77900C6E4CC /* Products */,
			);
			sourceTree = "<group>";
		};
		96EF1A921EF1D77900C6E4CC /* Products */ = {
			isa = PBXGroup;
			children = (
				96EF1A911EF1D77900C6E4CC /* Raycast Renderer */,
			);
			name = Products;
			sourceTree = "<group>";
		};
		96EF1A931EF1D77900C6E4CC /* Raycast Renderer */ = {
			isa = PBXGroup;
			children = (
				96EF1A601EF1D73E00C6E4CC /* Bitmap.cpp */,
				96EF1A611EF1D73E00C6E4CC /* Bitmap.hpp */,
				96EF1A621EF1D73E00C6E4CC /* BoxTreeNode.cpp */,
				96EF1A631EF1D73E00C6E4CC /* BoxTreeNode.hpp */,
				96EF1A641EF1D73E00C6E4CC /* BoxTreeObject.cpp */,
				96EF1A651EF1D73E00C6E4CC /* BoxTreeObject.hpp */,
				96EF1A661EF1D73E00C6E4CC /* Camera.cpp */,
				96EF1A671EF1D73E00C6E4CC /* Camera.hpp */,
				96EF1A681EF1D73E00C6E4CC /* Color.cpp */,
				96EF1A691EF1D73E00C6E4CC /* Color.hpp */,
				96EF1A6A1EF1D73E00C6E4CC /* DirectLight.cpp */,
				96EF1A6B1EF1D73E00C6E4CC /* DirectLight.hpp */,
				96EF1A6C1EF1D73E00C6E4CC /* FogVolume.cpp */,
				96EF1A6D1EF1D73E00C6E4CC /* FogVolume.hpp */,
				96EF1A6E1EF1D73E00C6E4CC /* InstanceObject.cpp */,
				96EF1A6F1EF1D73E00C6E4CC /* InstanceObject.hpp */,
				96EF1A701EF1D73E00C6E4CC /* Intersection.hpp */,
				96EF1A711EF1D73E00C6E4CC /* IsotropicScatter.h */,
				96EF1A721EF1D73E00C6E4CC /* LambertMaterial.cpp */,
				96EF1A731EF1D73E00C6E4CC /* LambertMaterial.hpp */,
				96EF1A741EF1D73E00C6E4CC /* Light.hpp */,
				96EF1A751EF1D73E00C6E4CC /* LorenzMieScatter.hpp */,
				96EF1A761EF1D73E00C6E4CC /* main.cpp */,
				96EF1A771EF1D73E00C6E4CC /* Material.hpp */,
				96EF1A781EF1D73E00C6E4CC /* MeshObject.cpp */,
				96EF1A791EF1D73E00C6E4CC /* MeshObject.hpp */,
				96EF1A7A1EF1D73E00C6E4CC /* MetalMaterial.cpp */,
				96EF1A7B1EF1D73E00C6E4CC /* MetalMaterial.hpp */,
				96EF1A7C1EF1D73E00C6E4CC /* Object.hpp */,
				96EF1A7D1EF1D73E00C6E4CC /* packages.config */,
				96EF1A7E1EF1D73E00C6E4CC /* PointLight.cpp */,
				96EF1A7F1EF1D73E00C6E4CC /* PointLight.hpp */,
				96EF1A821EF1D73E00C6E4CC /* Ray.hpp */,
				96EF1A831EF1D73E00C6E4CC /* RayTrace.cpp */,
				96EF1A841EF1D73E00C6E4CC /* RayTrace.hpp */,
				96EF1A851EF1D73E00C6E4CC /* ScatterPhase.hpp */,
				96EF1A861EF1D73E00C6E4CC /* Scene.cpp */,
				96EF1A871EF1D73E00C6E4CC /* Scene.hpp */,
				96EF1A881EF1D73E00C6E4CC /* Triangle.cpp */,
				96EF1A891EF1D73E00C6E4CC /* Triangle.hpp */,
				96EF1A8A1EF1D73E00C6E4CC /* Utilities.hpp */,
				96EF1A8B1EF1D73E00C6E4CC /* Vertex.hpp */,
				96EF1A8C1EF1D73E00C6E4CC /* Volume.hpp */,
			);
			path = "Raycast Renderer";
			sourceTree = "<group>";
		};
/* End PBXGroup section */

/* Begin PBXNativeTarget section */
		96EF1A901EF1D77900C6E4CC /* Raycast Renderer */ = {
			isa = PBXNativeTarget;
			buildConfigurationList = 96EF1A961EF1D77900C6E4CC /* Build configuration list for PBXNativeTarget "Raycast Renderer" */;
			buildPhases = (
				96EF1A8D1EF1D77900C6E4CC /* Sources */,
				96EF1A8E1EF1D77900C6E4CC /* Frameworks */,
				96EF1A8F1EF1D77900C6E4CC /* CopyFiles */,
			);
			buildRules = (
			);
			dependencies = (
			);
			name = "Raycast Renderer";
			productName = "Raycast Renderer";
			productReference = 96EF1A911EF1D77900C6E4CC /* Raycast Renderer */;
			productType = "com.apple.product-type.tool";
		};
/* End PBXNativeTarget section */

/* Begin PBXProject section */
		96EF1A5A1EF1D72100C6E4CC /* Project object */ = {
			isa = PBXProject;
			attributes = {
				LastUpgradeCheck = 0830;
				TargetAttributes = {
					96EF1A901EF1D77900C6E4CC = {
						CreatedOnToolsVersion = 8.3.3;
						ProvisioningStyle = Automatic;
					};
				};
			};
			buildConfigurationList = 96EF1A5D1EF1D72100C6E4CC /* Build configuration list for PBXProject "Raycast Renderer" */;
			compatibilityVersion = "Xcode 3.2";
			developmentRegion = English;
			hasScannedForEncodings = 0;
			knownRegions = (
				en,
			);
			mainGroup = 96EF1A591EF1D72100C6E4CC;
			productRefGroup = 96EF1A921EF1D77900C6E4CC /* Products */;
			projectDirPath = "";
			projectRoot = "";
			targets = (
				96EF1A901EF1D77900C6E4CC /* Raycast Renderer */,
			);
		};
/* End PBXProject section */

/* Begin PBXSourcesBuildPhase section */
		96EF1A8D1EF1D77900C6E4CC /* Sources */ = {
			isa = PBXSourcesBuildPhase;
			buildActionMask = 2147483647;
			files = (
				96EF1AAB1EF1D79400C6E4CC /* LambertMaterial.cpp in Sources */,
				96EF1AAF1EF1D79400C6E4CC /* main.cpp in Sources */,
				96EF1AB11EF1D79400C6E4CC /* MeshObject.cpp in Sources */,
				96EF1AB31EF1D79400C6E4CC /* MetalMaterial.cpp in Sources */,
				96EF1AB71EF1D79400C6E4CC /* PointLight.cpp in Sources */,
				96EF1ABA1EF1D79400C6E4CC /* RayTrace.cpp in Sources */,
				96EF1ABD1EF1D79400C6E4CC /* Scene.cpp in Sources */,
				96EF1ABF1EF1D79400C6E4CC /* Triangle.cpp in Sources */,
				96EF1A991EF1D78E00C6E4CC /* Bitmap.cpp in Sources */,
				96EF1A9A1EF1D78E00C6E4CC /* BoxTreeNode.cpp in Sources */,
				96EF1A9B1EF1D78E00C6E4CC /* BoxTreeObject.cpp in Sources */,
				96EF1A9C1EF1D78E00C6E4CC /* Camera.cpp in Sources */,
				96EF1A9D1EF1D78E00C6E4CC /* Color.cpp in Sources */,
				96EF1A9E1EF1D78E00C6E4CC /* DirectLight.cpp in Sources */,
				96EF1A9F1EF1D78E00C6E4CC /* FogVolume.cpp in Sources */,
				96EF1AA01EF1D78E00C6E4CC /* InstanceObject.cpp in Sources */,
			);
			runOnlyForDeploymentPostprocessing = 0;
		};
/* End PBXSourcesBuildPhase section */

/* Begin XCBuildConfiguration section */
		96EF1A5E1EF1D72100C6E4CC /* Debug */ = {
			isa = XCBuildConfiguration;
			buildSettings = {
			};
			name = Debug;
		};
		96EF1A5F1EF1D72100C6E4CC /* Release */ = {
			isa = XCBuildConfiguration;
			buildSettings = {
			};
			name = Release;
		};
		96EF1A971EF1D77900C6E4CC /* Debug */ = {
			isa = XCBuildConfiguration;
			buildSettings = {
				ALWAYS_SEARCH_USER_PATHS = NO;
				CLANG_ANALYZER_NONNULL = YES;
				CLANG_ANALYZER_NUMBER_OBJECT_CONVERSION = YES_AGGRESSIVE;
				CLANG_CXX_LANGUAGE_STANDARD = "c++14";
				CLANG_CXX_LIBRARY = "libc++";
				CLANG_ENABLE_MODULES = YES;
				CLANG_ENABLE_OBJC_ARC = YES;
				CLANG_WARN_BOOL_CONVERSION = YES;
				CLANG_WARN_CONSTANT_CONVERSION = YES;
				CLANG_WARN_DIRECT_OBJC_ISA_USAGE = YES_ERROR;
				CLANG_WARN_DOCUMENTATION_COMMENTS = YES;
				CLANG_WARN_EMPTY_BODY = YES;
				CLANG_WARN_ENUM_CONVERSION = YES;
				CLANG_WARN_INFINITE_RECURSION = YES;
				CLANG_WARN_INT_CONVERSION = YES;
				CLANG_WARN_OBJC_ROOT_CLASS = YES_ERROR;
				CLANG_WARN_SUSPICIOUS_MOVE = YES;
				CLANG_WARN_UNREACHABLE_CODE = YES;
				CLANG_WARN__DUPLICATE_METHOD_MATCH = YES;
				CLANG_X86_VECTOR_INSTRUCTIONS = avx2;
				CODE_SIGN_IDENTITY = "-";
				COPY_PHASE_STRIP = NO;
				DEBUG_INFORMATION_FORMAT = dwarf;
				ENABLE_STRICT_OBJC_MSGSEND = YES;
				ENABLE_TESTABILITY = YES;
				GCC_C_LANGUAGE_STANDARD = c11;
				GCC_DYNAMIC_NO_PIC = NO;
				GCC_NO_COMMON_BLOCKS = YES;
				GCC_OPTIMIZATION_LEVEL = 0;
				GCC_PREPROCESSOR_DEFINITIONS = (
					"DEBUG=1",
					"$(inherited)",
				);
				GCC_WARN_64_TO_32_BIT_CONVERSION = YES;
				GCC_WARN_ABOUT_RETURN_TYPE = YES_ERROR;
				GCC_WARN_UNDECLARED_SELECTOR = YES;
				GCC_WARN_UNINITIALIZED_AUTOS = YES_AGGRESSIVE;
				GCC_WARN_UNUSED_FUNCTION = YES;
				GCC_WARN_UNUSED_VARIABLE = YES;
				HEADER_SEARCH_PATHS = "\"/usr/local/include\"";
				MACOSX_DEPLOYMENT_TARGET = 10.12;
				MTL_ENABLE_DEBUG_INFO = YES;
				ONLY_ACTIVE_ARCH = YES;
				PRODUCT_NAME = "$(TARGET_NAME)";
				SDKROOT = macosx;
			};
			name = Debug;
		};
		96EF1A981EF1D77900C6E4CC /* Release */ = {
			isa = XCBuildConfiguration;
			buildSettings = {
				ALWAYS_SEARCH_USER_PATHS = NO;
				CLANG_ANALYZER_NONNULL = YES;
				CLANG_ANALYZER_NUMBER_OBJECT_CONVERSION = YES_AGGRESSIVE;
				CLANG_CXX_LANGUAGE_STANDARD = "c++14";
				CLANG_CXX_LIBRARY = "libc++";
				CLANG_ENABLE_MODULES = YES;
				CLANG_ENABLE_OBJC_ARC = YES;
				CLANG_WARN_BOOL_CONVERSION = YES;
				CLANG_WARN_CONSTANT_CONVERSION = YES;
				CLANG_WARN_DIRECT_OBJC_ISA_USAGE = YES_ERROR;
				CLANG_WARN_DOCUMENTATION_COMMENTS = YES;
				CLANG_WARN_EMPTY_BODY = YES;
				CLANG_WARN_ENUM_CONVERSION = YES;
				CLANG_WARN_INFINITE_RECURSION = YES;
				CLANG_WARN_INT_CONVERSION = YES;
				CLANG_WARN_OBJC_ROOT_CLASS = YES_ERROR;
				CLANG_WARN_SUSPICIOUS_MOVE = YES;
				CLANG_WARN_UNREACHABLE_CODE = YES;
				CLANG_WARN__DUPLICATE_METHOD_MATCH = YES;
				CLANG_X86_VECTOR_INSTRUCTIONS = avx2;
				CODE_SIGN_IDENTITY = "-";
				COPY_PHASE_STRIP = NO;
				DEBUG_INFORMATION_FORMAT = "dwarf-with-dsym";
				ENABLE_NS_ASSERTIONS = NO;
				ENABLE_STRICT_OBJC_MSGSEND = YES;
				GCC_C_LANGUAGE_STANDARD = c11;
				GCC_NO_COMMON_BLOCKS = YES;
				GCC_WARN_64_TO_32_BIT_CONVERSION = YES;
				GCC_WARN_ABOUT_RETURN_TYPE = YES_ERROR;
				GCC_WARN_UNDECLARED_SELECTOR = YES;
				GCC_WARN_UNINITIALIZED_AUTOS = YES_AGGRESSIVE;
				GCC_WARN_UNUSED_FUNCTION = YES;
				GCC_WARN_UNUSED_VARIABLE = YES;
				HEADER_SEARCH_PATHS = "\"/usr/local/include\"";
				MACOSX_DEPLOYMENT_TARGET = 10.12;
				MTL_ENABLE_DEBUG_INFO = NO;
				PRODUCT_NAME = "$(TARGET_NAME)";
				SDKROOT = macosx;
			};
			name = Release;
		};
/* End XCBuildConfiguration section */

/* Begin XCConfigurationList section */
		96EF1A5D1EF1D72100C6E4CC /* Build configuration list for PBXProject "Raycast Renderer" */ = {
			isa = XCConfigurationList;
			buildConfigurations = (
				96EF1A5E1EF1D72100C6E4CC /* Debug */,
				96EF1A5F1EF1D72100C6E4CC /* Release */,
			);
			defaultConfigurationIsVisible = 0;
			defaultConfigurationName = Release;
		};
		96EF1A961EF1D77900C6E4CC /* Build configuration list for PBXNativeTarget "Raycast Renderer" */ = {
			isa = XCConfigurationList;
			buildConfigurations = (
				96EF1A971EF1D77900C6E4CC /* Debug */,
				96EF1A981EF1D77900C6E4CC /* Release */,
			);
			defaultConfigurationIsVisible = 0;
		};
/* End XCConfigurationList section */
	};
	rootObject = 96EF1A5A1EF1D72100C6E4CC /* Project object */;
}
